
Microsoft Visual Studio Solution File, Format Version 12.00
# Visual Studio Version 16
VisualStudioVersion = 16.0.31624.102
MinimumVisualStudioVersion = 10.0.40219.1
Project("{FAE04EC0-301F-11D3-BF4B-00C04F79EFBC}") = "EjerciciosDeRepaso.EjercicioRepaso5", "EjerciciosDeRepaso.EjercicioRepaso5\EjerciciosDeRepaso.EjercicioRepaso5.csproj", "{556D897F-24A9-417B-8C37-D0CE021FFE14}"
EndProject
Global
	GlobalSection(SolutionConfigurationPlatforms) = preSolution
		Debug|Any CPU = Debug|Any CPU
		Release|Any CPU = Release|Any CPU
	EndGlobalSection
	GlobalSection(ProjectConfigurationPlatforms) = postSolution
		{556D897F-24A9-417B-8C37-D0CE021FFE14}.Debug|Any CPU.ActiveCfg = Debug|Any CPU
		{556D897F-24A9-417B-8C37-D0CE021FFE14}.Debug|Any CPU.Build.0 = Debug|Any CPU
		{556D897F-24A9-417B-8C37-D0CE021FFE14}.Release|Any CPU.ActiveCfg = Release|Any CPU
		{556D897F-24A9-417B-8C37-D0CE021FFE14}.Release|Any CPU.Build.0 = Release|Any CPU
	EndGlobalSection
	GlobalSection(SolutionProperties) = preSolution
		HideSolutionNode = FALSE
	EndGlobalSection
	GlobalSection(ExtensibilityGlobals) = postSolution
		SolutionGuid = {114CCEF9-330A-4D18-86A6-B2A4A8E4174C}
	EndGlobalSection
EndGlobal
