
Microsoft Visual Studio Solution File, Format Version 12.00
# Visual Studio Version 16
VisualStudioVersion = 16.0.31624.102
MinimumVisualStudioVersion = 10.0.40219.1
Project("{FAE04EC0-301F-11D3-BF4B-00C04F79EFBC}") = "VentaRepuestos.Consola", "VentaRepuestos.Consola\VentaRepuestos.Consola.csproj", "{392FE8F6-4716-469C-A70D-E19ADAB1DDC7}"
EndProject
Project("{FAE04EC0-301F-11D3-BF4B-00C04F79EFBC}") = "VentaRepuestos.BibliotecaClases", "VentaRepuestos.BibliotecaClases\VentaRepuestos.BibliotecaClases.csproj", "{B6A3A115-9B22-4439-83DA-FB802DDC6019}"
EndProject
Global
	GlobalSection(SolutionConfigurationPlatforms) = preSolution
		Debug|Any CPU = Debug|Any CPU
		Release|Any CPU = Release|Any CPU
	EndGlobalSection
	GlobalSection(ProjectConfigurationPlatforms) = postSolution
		{392FE8F6-4716-469C-A70D-E19ADAB1DDC7}.Debug|Any CPU.ActiveCfg = Debug|Any CPU
		{392FE8F6-4716-469C-A70D-E19ADAB1DDC7}.Debug|Any CPU.Build.0 = Debug|Any CPU
		{392FE8F6-4716-469C-A70D-E19ADAB1DDC7}.Release|Any CPU.ActiveCfg = Release|Any CPU
		{392FE8F6-4716-469C-A70D-E19ADAB1DDC7}.Release|Any CPU.Build.0 = Release|Any CPU
		{B6A3A115-9B22-4439-83DA-FB802DDC6019}.Debug|Any CPU.ActiveCfg = Debug|Any CPU
		{B6A3A115-9B22-4439-83DA-FB802DDC6019}.Debug|Any CPU.Build.0 = Debug|Any CPU
		{B6A3A115-9B22-4439-83DA-FB802DDC6019}.Release|Any CPU.ActiveCfg = Release|Any CPU
		{B6A3A115-9B22-4439-83DA-FB802DDC6019}.Release|Any CPU.Build.0 = Release|Any CPU
	EndGlobalSection
	GlobalSection(SolutionProperties) = preSolution
		HideSolutionNode = FALSE
	EndGlobalSection
	GlobalSection(ExtensibilityGlobals) = postSolution
		SolutionGuid = {D689B3EB-49CC-461D-91D2-EBF16CF3EFD7}
	EndGlobalSection
EndGlobal
